
Microsoft Visual Studio Solution File, Format Version 12.00
# Visual Studio Version 17
VisualStudioVersion = 17.1.32328.378
MinimumVisualStudioVersion = 10.0.40219.1
Project("{8BC9CEB8-8B4A-11D0-8D11-00A0C91BC942}") = "RemoveStringSpaces2", "RemoveStringSpaces2\RemoveStringSpaces2.vcxproj", "{9C5FB0E1-CBA5-46DA-A227-1895070426B5}"
EndProject
Project("{8BC9CEB8-8B4A-11D0-8D11-00A0C91BC942}") = "GrasshopperSummation", "GrasshopperSummation\GrasshopperSummation.vcxproj", "{D5F4F717-6C27-47A3-940E-CF3D09507286}"
EndProject
Project("{8BC9CEB8-8B4A-11D0-8D11-00A0C91BC942}") = "Square(n)Sum", "Square(n)Sum\Square(n)Sum.vcxproj", "{8AB8791A-26B1-4C71-A843-0BE0D7F60AC4}"
EndProject
Project("{8BC9CEB8-8B4A-11D0-8D11-00A0C91BC942}") = "FindTheSmallestInt", "FindTheSmallestInt\FindTheSmallestInt.vcxproj", "{04C8736A-0C93-403F-B8BF-E5DD95207732}"
EndProject
Project("{8BC9CEB8-8B4A-11D0-8D11-00A0C91BC942}") = "CountingSheep", "CountingSheep\CountingSheep.vcxproj", "{1BBE9FAB-5D2A-4407-A874-B508F110AD28}"
EndProject
Project("{8BC9CEB8-8B4A-11D0-8D11-00A0C91BC942}") = "Files", "Files\Files.vcxproj", "{5563E13B-5268-41C4-B0EB-EFAE7B741B31}"
EndProject
Project("{8BC9CEB8-8B4A-11D0-8D11-00A0C91BC942}") = "Codewars", "Codewars\Codewars.vcxproj", "{50115350-8EDF-4D59-A88A-AA31C83B7E21}"
EndProject
Project("{8BC9CEB8-8B4A-11D0-8D11-00A0C91BC942}") = "Accumulate", "Accumulate\Accumulate.vcxproj", "{DAFCB49E-B2F5-4128-ADE2-B6862805C22C}"
EndProject
Project("{8BC9CEB8-8B4A-11D0-8D11-00A0C91BC942}") = "Zad3Main", "Zad3Main\Zad3Main.vcxproj", "{3DCAB6B8-FF7C-4929-A414-26587712C7BE}"
EndProject
Project("{8BC9CEB8-8B4A-11D0-8D11-00A0C91BC942}") = "TestFixture", "TestFixture\TestFixture.vcxproj", "{20BD50BE-6DD9-4852-9ACF-0E33452B0DA6}"
EndProject
Global
	GlobalSection(SolutionConfigurationPlatforms) = preSolution
		Debug|x64 = Debug|x64
		Debug|x86 = Debug|x86
		Release|x64 = Release|x64
		Release|x86 = Release|x86
	EndGlobalSection
	GlobalSection(ProjectConfigurationPlatforms) = postSolution
		{9C5FB0E1-CBA5-46DA-A227-1895070426B5}.Debug|x64.ActiveCfg = Debug|x64
		{9C5FB0E1-CBA5-46DA-A227-1895070426B5}.Debug|x64.Build.0 = Debug|x64
		{9C5FB0E1-CBA5-46DA-A227-1895070426B5}.Debug|x86.ActiveCfg = Debug|Win32
		{9C5FB0E1-CBA5-46DA-A227-1895070426B5}.Debug|x86.Build.0 = Debug|Win32
		{9C5FB0E1-CBA5-46DA-A227-1895070426B5}.Release|x64.ActiveCfg = Release|x64
		{9C5FB0E1-CBA5-46DA-A227-1895070426B5}.Release|x64.Build.0 = Release|x64
		{9C5FB0E1-CBA5-46DA-A227-1895070426B5}.Release|x86.ActiveCfg = Release|Win32
		{9C5FB0E1-CBA5-46DA-A227-1895070426B5}.Release|x86.Build.0 = Release|Win32
		{D5F4F717-6C27-47A3-940E-CF3D09507286}.Debug|x64.ActiveCfg = Debug|x64
		{D5F4F717-6C27-47A3-940E-CF3D09507286}.Debug|x64.Build.0 = Debug|x64
		{D5F4F717-6C27-47A3-940E-CF3D09507286}.Debug|x86.ActiveCfg = Debug|Win32
		{D5F4F717-6C27-47A3-940E-CF3D09507286}.Debug|x86.Build.0 = Debug|Win32
		{D5F4F717-6C27-47A3-940E-CF3D09507286}.Release|x64.ActiveCfg = Release|x64
		{D5F4F717-6C27-47A3-940E-CF3D09507286}.Release|x64.Build.0 = Release|x64
		{D5F4F717-6C27-47A3-940E-CF3D09507286}.Release|x86.ActiveCfg = Release|Win32
		{D5F4F717-6C27-47A3-940E-CF3D09507286}.Release|x86.Build.0 = Release|Win32
		{8AB8791A-26B1-4C71-A843-0BE0D7F60AC4}.Debug|x64.ActiveCfg = Debug|x64
		{8AB8791A-26B1-4C71-A843-0BE0D7F60AC4}.Debug|x64.Build.0 = Debug|x64
		{8AB8791A-26B1-4C71-A843-0BE0D7F60AC4}.Debug|x86.ActiveCfg = Debug|Win32
		{8AB8791A-26B1-4C71-A843-0BE0D7F60AC4}.Debug|x86.Build.0 = Debug|Win32
		{8AB8791A-26B1-4C71-A843-0BE0D7F60AC4}.Release|x64.ActiveCfg = Release|x64
		{8AB8791A-26B1-4C71-A843-0BE0D7F60AC4}.Release|x64.Build.0 = Release|x64
		{8AB8791A-26B1-4C71-A843-0BE0D7F60AC4}.Release|x86.ActiveCfg = Release|Win32
		{8AB8791A-26B1-4C71-A843-0BE0D7F60AC4}.Release|x86.Build.0 = Release|Win32
		{04C8736A-0C93-403F-B8BF-E5DD95207732}.Debug|x64.ActiveCfg = Debug|x64
		{04C8736A-0C93-403F-B8BF-E5DD95207732}.Debug|x64.Build.0 = Debug|x64
		{04C8736A-0C93-403F-B8BF-E5DD95207732}.Debug|x86.ActiveCfg = Debug|Win32
		{04C8736A-0C93-403F-B8BF-E5DD95207732}.Debug|x86.Build.0 = Debug|Win32
		{04C8736A-0C93-403F-B8BF-E5DD95207732}.Release|x64.ActiveCfg = Release|x64
		{04C8736A-0C93-403F-B8BF-E5DD95207732}.Release|x64.Build.0 = Release|x64
		{04C8736A-0C93-403F-B8BF-E5DD95207732}.Release|x86.ActiveCfg = Release|Win32
		{04C8736A-0C93-403F-B8BF-E5DD95207732}.Release|x86.Build.0 = Release|Win32
		{1BBE9FAB-5D2A-4407-A874-B508F110AD28}.Debug|x64.ActiveCfg = Debug|x64
		{1BBE9FAB-5D2A-4407-A874-B508F110AD28}.Debug|x64.Build.0 = Debug|x64
		{1BBE9FAB-5D2A-4407-A874-B508F110AD28}.Debug|x86.ActiveCfg = Debug|Win32
		{1BBE9FAB-5D2A-4407-A874-B508F110AD28}.Debug|x86.Build.0 = Debug|Win32
		{1BBE9FAB-5D2A-4407-A874-B508F110AD28}.Release|x64.ActiveCfg = Release|x64
		{1BBE9FAB-5D2A-4407-A874-B508F110AD28}.Release|x64.Build.0 = Release|x64
		{1BBE9FAB-5D2A-4407-A874-B508F110AD28}.Release|x86.ActiveCfg = Release|Win32
		{1BBE9FAB-5D2A-4407-A874-B508F110AD28}.Release|x86.Build.0 = Release|Win32
		{5563E13B-5268-41C4-B0EB-EFAE7B741B31}.Debug|x64.ActiveCfg = Debug|x64
		{5563E13B-5268-41C4-B0EB-EFAE7B741B31}.Debug|x64.Build.0 = Debug|x64
		{5563E13B-5268-41C4-B0EB-EFAE7B741B31}.Debug|x86.ActiveCfg = Debug|Win32
		{5563E13B-5268-41C4-B0EB-EFAE7B741B31}.Debug|x86.Build.0 = Debug|Win32
		{5563E13B-5268-41C4-B0EB-EFAE7B741B31}.Release|x64.ActiveCfg = Release|x64
		{5563E13B-5268-41C4-B0EB-EFAE7B741B31}.Release|x64.Build.0 = Release|x64
		{5563E13B-5268-41C4-B0EB-EFAE7B741B31}.Release|x86.ActiveCfg = Release|Win32
		{5563E13B-5268-41C4-B0EB-EFAE7B741B31}.Release|x86.Build.0 = Release|Win32
		{50115350-8EDF-4D59-A88A-AA31C83B7E21}.Debug|x64.ActiveCfg = Debug|x64
		{50115350-8EDF-4D59-A88A-AA31C83B7E21}.Debug|x64.Build.0 = Debug|x64
		{50115350-8EDF-4D59-A88A-AA31C83B7E21}.Debug|x86.ActiveCfg = Debug|Win32
		{50115350-8EDF-4D59-A88A-AA31C83B7E21}.Debug|x86.Build.0 = Debug|Win32
		{50115350-8EDF-4D59-A88A-AA31C83B7E21}.Release|x64.ActiveCfg = Release|x64
		{50115350-8EDF-4D59-A88A-AA31C83B7E21}.Release|x64.Build.0 = Release|x64
		{50115350-8EDF-4D59-A88A-AA31C83B7E21}.Release|x86.ActiveCfg = Release|Win32
		{50115350-8EDF-4D59-A88A-AA31C83B7E21}.Release|x86.Build.0 = Release|Win32
		{DAFCB49E-B2F5-4128-ADE2-B6862805C22C}.Debug|x64.ActiveCfg = Debug|x64
		{DAFCB49E-B2F5-4128-ADE2-B6862805C22C}.Debug|x64.Build.0 = Debug|x64
		{DAFCB49E-B2F5-4128-ADE2-B6862805C22C}.Debug|x86.ActiveCfg = Debug|Win32
		{DAFCB49E-B2F5-4128-ADE2-B6862805C22C}.Debug|x86.Build.0 = Debug|Win32
		{DAFCB49E-B2F5-4128-ADE2-B6862805C22C}.Release|x64.ActiveCfg = Release|x64
		{DAFCB49E-B2F5-4128-ADE2-B6862805C22C}.Release|x64.Build.0 = Release|x64
		{DAFCB49E-B2F5-4128-ADE2-B6862805C22C}.Release|x86.ActiveCfg = Release|Win32
		{DAFCB49E-B2F5-4128-ADE2-B6862805C22C}.Release|x86.Build.0 = Release|Win32
		{3DCAB6B8-FF7C-4929-A414-26587712C7BE}.Debug|x64.ActiveCfg = Debug|x64
		{3DCAB6B8-FF7C-4929-A414-26587712C7BE}.Debug|x64.Build.0 = Debug|x64
		{3DCAB6B8-FF7C-4929-A414-26587712C7BE}.Debug|x86.ActiveCfg = Debug|Win32
		{3DCAB6B8-FF7C-4929-A414-26587712C7BE}.Debug|x86.Build.0 = Debug|Win32
		{3DCAB6B8-FF7C-4929-A414-26587712C7BE}.Release|x64.ActiveCfg = Release|x64
		{3DCAB6B8-FF7C-4929-A414-26587712C7BE}.Release|x64.Build.0 = Release|x64
		{3DCAB6B8-FF7C-4929-A414-26587712C7BE}.Release|x86.ActiveCfg = Release|Win32
		{3DCAB6B8-FF7C-4929-A414-26587712C7BE}.Release|x86.Build.0 = Release|Win32
		{20BD50BE-6DD9-4852-9ACF-0E33452B0DA6}.Debug|x64.ActiveCfg = Debug|x64
		{20BD50BE-6DD9-4852-9ACF-0E33452B0DA6}.Debug|x64.Build.0 = Debug|x64
		{20BD50BE-6DD9-4852-9ACF-0E33452B0DA6}.Debug|x86.ActiveCfg = Debug|Win32
		{20BD50BE-6DD9-4852-9ACF-0E33452B0DA6}.Debug|x86.Build.0 = Debug|Win32
		{20BD50BE-6DD9-4852-9ACF-0E33452B0DA6}.Release|x64.ActiveCfg = Release|x64
		{20BD50BE-6DD9-4852-9ACF-0E33452B0DA6}.Release|x64.Build.0 = Release|x64
		{20BD50BE-6DD9-4852-9ACF-0E33452B0DA6}.Release|x86.ActiveCfg = Release|Win32
		{20BD50BE-6DD9-4852-9ACF-0E33452B0DA6}.Release|x86.Build.0 = Release|Win32
	EndGlobalSection
	GlobalSection(SolutionProperties) = preSolution
		HideSolutionNode = FALSE
	EndGlobalSection
	GlobalSection(ExtensibilityGlobals) = postSolution
		SolutionGuid = {FB93A2C8-DAC1-43FD-8D2D-51A93E788483}
	EndGlobalSection
EndGlobal
